
Microsoft Visual Studio Solution File, Format Version 12.00
# Visual Studio Version 17
VisualStudioVersion = 17.10.35122.118
MinimumVisualStudioVersion = 10.0.40219.1
Project("{FAE04EC0-301F-11D3-BF4B-00C04F79EFBC}") = "SincronizadorGPS50", "SincronizadorGPS50\SincronizadorGPS50.csproj", "{25E8A40E-2713-403A-AE3C-762BAB892663}"
EndProject
Project("{FAE04EC0-301F-11D3-BF4B-00C04F79EFBC}") = "SincronizadorGPS50.GestprojectConnector", "GestprojectConnector\SincronizadorGPS50.GestprojectConnector.csproj", "{E1D68ABE-CE53-4D58-8D9E-FE116ECDE711}"
EndProject
Project("{FAE04EC0-301F-11D3-BF4B-00C04F79EFBC}") = "SincronizadorGPS50.GestprojectDataManager", "GestprojectDataManager\SincronizadorGPS50.GestprojectDataManager.csproj", "{31E51A57-59E2-41E3-9A19-545FBF72A0D1}"
EndProject
Project("{FAE04EC0-301F-11D3-BF4B-00C04F79EFBC}") = "SincronizadorGPS50.Sage50Connector", "Sage50ConnectionManager\SincronizadorGPS50.Sage50Connector.csproj", "{ED0700F7-4CC0-4431-B9C8-F04F1FB75EAE}"
EndProject
Global
	GlobalSection(SolutionConfigurationPlatforms) = preSolution
		Debug|Any CPU = Debug|Any CPU
		Debug|x64 = Debug|x64
		Release|Any CPU = Release|Any CPU
		Release|x64 = Release|x64
	EndGlobalSection
	GlobalSection(ProjectConfigurationPlatforms) = postSolution
		{25E8A40E-2713-403A-AE3C-762BAB892663}.Debug|Any CPU.ActiveCfg = Debug|Any CPU
		{25E8A40E-2713-403A-AE3C-762BAB892663}.Debug|Any CPU.Build.0 = Debug|Any CPU
		{25E8A40E-2713-403A-AE3C-762BAB892663}.Debug|x64.ActiveCfg = Debug|x64
		{25E8A40E-2713-403A-AE3C-762BAB892663}.Debug|x64.Build.0 = Debug|x64
		{25E8A40E-2713-403A-AE3C-762BAB892663}.Release|Any CPU.ActiveCfg = Release|Any CPU
		{25E8A40E-2713-403A-AE3C-762BAB892663}.Release|Any CPU.Build.0 = Release|Any CPU
		{25E8A40E-2713-403A-AE3C-762BAB892663}.Release|x64.ActiveCfg = Release|x64
		{25E8A40E-2713-403A-AE3C-762BAB892663}.Release|x64.Build.0 = Release|x64
		{E1D68ABE-CE53-4D58-8D9E-FE116ECDE711}.Debug|Any CPU.ActiveCfg = Debug|Any CPU
		{E1D68ABE-CE53-4D58-8D9E-FE116ECDE711}.Debug|Any CPU.Build.0 = Debug|Any CPU
		{E1D68ABE-CE53-4D58-8D9E-FE116ECDE711}.Debug|x64.ActiveCfg = Debug|Any CPU
		{E1D68ABE-CE53-4D58-8D9E-FE116ECDE711}.Debug|x64.Build.0 = Debug|Any CPU
		{E1D68ABE-CE53-4D58-8D9E-FE116ECDE711}.Release|Any CPU.ActiveCfg = Release|Any CPU
		{E1D68ABE-CE53-4D58-8D9E-FE116ECDE711}.Release|Any CPU.Build.0 = Release|Any CPU
		{E1D68ABE-CE53-4D58-8D9E-FE116ECDE711}.Release|x64.ActiveCfg = Release|Any CPU
		{E1D68ABE-CE53-4D58-8D9E-FE116ECDE711}.Release|x64.Build.0 = Release|Any CPU
		{31E51A57-59E2-41E3-9A19-545FBF72A0D1}.Debug|Any CPU.ActiveCfg = Debug|Any CPU
		{31E51A57-59E2-41E3-9A19-545FBF72A0D1}.Debug|Any CPU.Build.0 = Debug|Any CPU
		{31E51A57-59E2-41E3-9A19-545FBF72A0D1}.Debug|x64.ActiveCfg = Debug|Any CPU
		{31E51A57-59E2-41E3-9A19-545FBF72A0D1}.Debug|x64.Build.0 = Debug|Any CPU
		{31E51A57-59E2-41E3-9A19-545FBF72A0D1}.Release|Any CPU.ActiveCfg = Release|Any CPU
		{31E51A57-59E2-41E3-9A19-545FBF72A0D1}.Release|Any CPU.Build.0 = Release|Any CPU
		{31E51A57-59E2-41E3-9A19-545FBF72A0D1}.Release|x64.ActiveCfg = Release|Any CPU
		{31E51A57-59E2-41E3-9A19-545FBF72A0D1}.Release|x64.Build.0 = Release|Any CPU
		{ED0700F7-4CC0-4431-B9C8-F04F1FB75EAE}.Debug|Any CPU.ActiveCfg = Debug|Any CPU
		{ED0700F7-4CC0-4431-B9C8-F04F1FB75EAE}.Debug|Any CPU.Build.0 = Debug|Any CPU
		{ED0700F7-4CC0-4431-B9C8-F04F1FB75EAE}.Debug|x64.ActiveCfg = Debug|Any CPU
		{ED0700F7-4CC0-4431-B9C8-F04F1FB75EAE}.Debug|x64.Build.0 = Debug|Any CPU
		{ED0700F7-4CC0-4431-B9C8-F04F1FB75EAE}.Release|Any CPU.ActiveCfg = Release|Any CPU
		{ED0700F7-4CC0-4431-B9C8-F04F1FB75EAE}.Release|Any CPU.Build.0 = Release|Any CPU
		{ED0700F7-4CC0-4431-B9C8-F04F1FB75EAE}.Release|x64.ActiveCfg = Release|Any CPU
		{ED0700F7-4CC0-4431-B9C8-F04F1FB75EAE}.Release|x64.Build.0 = Release|Any CPU
	EndGlobalSection
	GlobalSection(SolutionProperties) = preSolution
		HideSolutionNode = FALSE
	EndGlobalSection
	GlobalSection(ExtensibilityGlobals) = postSolution
		SolutionGuid = {A4059CA8-A6F4-497D-840C-E4967B5063A6}
	EndGlobalSection
EndGlobal
